{
  "name": "steganographix-wails3",
  "version": "0.0.1",
  "lockfileVersion": 3,
  "requires": true,
  "packages": {
    "": {
      "name": "steganographix-wails3",
      "version": "0.0.1",
      "license": "ISC",
      "dependencies": {
        "@wailsio/runtime": "^3.0.0-alpha.66"
      }
    },
    "node_modules/@wailsio/runtime": {
      "version": "3.0.0-alpha.66",
      "resolved": "https://registry.npmjs.org/@wailsio/runtime/-/runtime-3.0.0-alpha.66.tgz",
      "integrity": "sha512-ENLu8rn1griL1gFHJqkq1i+BVxrrA0JPJHYneUJYuf/s54kjuQViW0RKDEe/WTDo56ABpfykrd/T8OYpPUyXUw==",
      "license": "MIT"
    }
  }
}
